
Microsoft Visual Studio Solution File, Format Version 12.00
# Visual Studio Version 17
VisualStudioVersion = 17.1.32328.378
MinimumVisualStudioVersion = 10.0.40219.1
Project("{FAE04EC0-301F-11D3-BF4B-00C04F79EFBC}") = "RKP", "RKP.csproj", "{68A1EB13-5153-4FCC-8FD6-C9F4F10D26EF}"
EndProject
Project("{FAE04EC0-301F-11D3-BF4B-00C04F79EFBC}") = "TestRKP", "..\TestRKP\TestRKP.csproj", "{782FDAA7-36DF-4064-A748-3B3313BCA905}"
EndProject
Global
	GlobalSection(SolutionConfigurationPlatforms) = preSolution
		Debug|Any CPU = Debug|Any CPU
		Release|Any CPU = Release|Any CPU
	EndGlobalSection
	GlobalSection(ProjectConfigurationPlatforms) = postSolution
		{68A1EB13-5153-4FCC-8FD6-C9F4F10D26EF}.Debug|Any CPU.ActiveCfg = Debug|Any CPU
		{68A1EB13-5153-4FCC-8FD6-C9F4F10D26EF}.Debug|Any CPU.Build.0 = Debug|Any CPU
		{68A1EB13-5153-4FCC-8FD6-C9F4F10D26EF}.Release|Any CPU.ActiveCfg = Release|Any CPU
		{68A1EB13-5153-4FCC-8FD6-C9F4F10D26EF}.Release|Any CPU.Build.0 = Release|Any CPU
		{782FDAA7-36DF-4064-A748-3B3313BCA905}.Debug|Any CPU.ActiveCfg = Debug|Any CPU
		{782FDAA7-36DF-4064-A748-3B3313BCA905}.Debug|Any CPU.Build.0 = Debug|Any CPU
		{782FDAA7-36DF-4064-A748-3B3313BCA905}.Release|Any CPU.ActiveCfg = Release|Any CPU
		{782FDAA7-36DF-4064-A748-3B3313BCA905}.Release|Any CPU.Build.0 = Release|Any CPU
	EndGlobalSection
	GlobalSection(SolutionProperties) = preSolution
		HideSolutionNode = FALSE
	EndGlobalSection
	GlobalSection(ExtensibilityGlobals) = postSolution
		SolutionGuid = {48945B1B-90C6-436E-98E8-EFF117999F2E}
	EndGlobalSection
EndGlobal
